// !$*UTF8*$!
{
	archiveVersion = 1;
	classes = {
	};
	objectVersion = 56;
	objects = {

/* Begin PBXBuildFile section */
		7AA01CEA2A98143200E35057 /* PokedexApp.swift in Sources */ = {isa = PBXBuildFile; fileRef = 7AA01CE92A98143200E35057 /* PokedexApp.swift */; };
		7AA01CEC2A98143200E35057 /* ContentView.swift in Sources */ = {isa = PBXBuildFile; fileRef = 7AA01CEB2A98143200E35057 /* ContentView.swift */; };
		7AA01CEE2A98143400E35057 /* Assets.xcassets in Resources */ = {isa = PBXBuildFile; fileRef = 7AA01CED2A98143400E35057 /* Assets.xcassets */; };
		7AA01CF12A98143400E35057 /* Preview Assets.xcassets in Resources */ = {isa = PBXBuildFile; fileRef = 7AA01CF02A98143400E35057 /* Preview Assets.xcassets */; };
		7AA01CFB2A98157200E35057 /* PokemonCell.swift in Sources */ = {isa = PBXBuildFile; fileRef = 7AA01CFA2A98157200E35057 /* PokemonCell.swift */; };
		7AA01CFD2A9EFBBB00E35057 /* PokedexView.swift in Sources */ = {isa = PBXBuildFile; fileRef = 7AA01CFC2A9EFBBB00E35057 /* PokedexView.swift */; };
		7AA01CFF2AA0147A00E35057 /* Pokemon.swift in Sources */ = {isa = PBXBuildFile; fileRef = 7AA01CFE2AA0147A00E35057 /* Pokemon.swift */; };
		7AA01D012AA033C200E35057 /* PokemonViewModel.swift in Sources */ = {isa = PBXBuildFile; fileRef = 7AA01D002AA033C200E35057 /* PokemonViewModel.swift */; };
		7AA01D042AA0408500E35057 /* Kingfisher in Frameworks */ = {isa = PBXBuildFile; productRef = 7AA01D032AA0408500E35057 /* Kingfisher */; };
		7ABF6E722AA0A64C004B0C82 /* fetchPokemon.swift in Sources */ = {isa = PBXBuildFile; fileRef = 7ABF6E712AA0A64C004B0C82 /* fetchPokemon.swift */; };
		7ABF6E742AA0A980004B0C82 /* PokemonDetails.swift in Sources */ = {isa = PBXBuildFile; fileRef = 7ABF6E732AA0A980004B0C82 /* PokemonDetails.swift */; };
/* End PBXBuildFile section */

/* Begin PBXFileReference section */
		7AA01CE62A98143200E35057 /* Pokedex.app */ = {isa = PBXFileReference; explicitFileType = wrapper.application; includeInIndex = 0; path = Pokedex.app; sourceTree = BUILT_PRODUCTS_DIR; };
		7AA01CE92A98143200E35057 /* PokedexApp.swift */ = {isa = PBXFileReference; lastKnownFileType = sourcecode.swift; path = PokedexApp.swift; sourceTree = "<group>"; };
		7AA01CEB2A98143200E35057 /* ContentView.swift */ = {isa = PBXFileReference; lastKnownFileType = sourcecode.swift; path = ContentView.swift; sourceTree = "<group>"; };
		7AA01CED2A98143400E35057 /* Assets.xcassets */ = {isa = PBXFileReference; lastKnownFileType = folder.assetcatalog; path = Assets.xcassets; sourceTree = "<group>"; };
		7AA01CF02A98143400E35057 /* Preview Assets.xcassets */ = {isa = PBXFileReference; lastKnownFileType = folder.assetcatalog; path = "Preview Assets.xcassets"; sourceTree = "<group>"; };
		7AA01CFA2A98157200E35057 /* PokemonCell.swift */ = {isa = PBXFileReference; lastKnownFileType = sourcecode.swift; path = PokemonCell.swift; sourceTree = "<group>"; };
		7AA01CFC2A9EFBBB00E35057 /* PokedexView.swift */ = {isa = PBXFileReference; lastKnownFileType = sourcecode.swift; path = PokedexView.swift; sourceTree = "<group>"; };
		7AA01CFE2AA0147A00E35057 /* Pokemon.swift */ = {isa = PBXFileReference; lastKnownFileType = sourcecode.swift; path = Pokemon.swift; sourceTree = "<group>"; };
		7AA01D002AA033C200E35057 /* PokemonViewModel.swift */ = {isa = PBXFileReference; lastKnownFileType = sourcecode.swift; path = PokemonViewModel.swift; sourceTree = "<group>"; };
		7ABF6E712AA0A64C004B0C82 /* fetchPokemon.swift */ = {isa = PBXFileReference; lastKnownFileType = sourcecode.swift; path = fetchPokemon.swift; sourceTree = "<group>"; };
		7ABF6E732AA0A980004B0C82 /* PokemonDetails.swift */ = {isa = PBXFileReference; lastKnownFileType = sourcecode.swift; path = PokemonDetails.swift; sourceTree = "<group>"; };
/* End PBXFileReference section */

/* Begin PBXFrameworksBuildPhase section */
		7AA01CE32A98143200E35057 /* Frameworks */ = {
			isa = PBXFrameworksBuildPhase;
			buildActionMask = 2147483647;
			files = (
				7AA01D042AA0408500E35057 /* Kingfisher in Frameworks */,
			);
			runOnlyForDeploymentPostprocessing = 0;
		};
/* End PBXFrameworksBuildPhase section */

/* Begin PBXGroup section */
		7AA01CDD2A98143200E35057 = {
			isa = PBXGroup;
			children = (
				7AA01CE82A98143200E35057 /* Pokedex */,
				7AA01CE72A98143200E35057 /* Products */,
			);
			sourceTree = "<group>";
		};
		7AA01CE72A98143200E35057 /* Products */ = {
			isa = PBXGroup;
			children = (
				7AA01CE62A98143200E35057 /* Pokedex.app */,
			);
			name = Products;
			sourceTree = "<group>";
		};
		7AA01CE82A98143200E35057 /* Pokedex */ = {
			isa = PBXGroup;
			children = (
				7AA01CF92A98149800E35057 /* ModelView */,
				7AA01CF82A98149000E35057 /* View */,
				7AA01CF72A98148900E35057 /* Model */,
				7AA01CE92A98143200E35057 /* PokedexApp.swift */,
				7AA01CEF2A98143400E35057 /* Preview Content */,
			);
			path = Pokedex;
			sourceTree = "<group>";
		};
		7AA01CEF2A98143400E35057 /* Preview Content */ = {
			isa = PBXGroup;
			children = (
				7AA01CF02A98143400E35057 /* Preview Assets.xcassets */,
			);
			path = "Preview Content";
			sourceTree = "<group>";
		};
		7AA01CF72A98148900E35057 /* Model */ = {
			isa = PBXGroup;
			children = (
				7AA01CFE2AA0147A00E35057 /* Pokemon.swift */,
			);
			path = Model;
			sourceTree = "<group>";
		};
		7AA01CF82A98149000E35057 /* View */ = {
			isa = PBXGroup;
			children = (
				7AA01CFC2A9EFBBB00E35057 /* PokedexView.swift */,
				7ABF6E732AA0A980004B0C82 /* PokemonDetails.swift */,
				7AA01CFA2A98157200E35057 /* PokemonCell.swift */,
			);
			path = View;
			sourceTree = "<group>";
		};
		7AA01CF92A98149800E35057 /* ModelView */ = {
			isa = PBXGroup;
			children = (
				7AA01CEB2A98143200E35057 /* ContentView.swift */,
				7AA01CED2A98143400E35057 /* Assets.xcassets */,
				7AA01D002AA033C200E35057 /* PokemonViewModel.swift */,
				7ABF6E712AA0A64C004B0C82 /* fetchPokemon.swift */,
			);
			path = ModelView;
			sourceTree = "<group>";
		};
/* End PBXGroup section */

/* Begin PBXNativeTarget section */
		7AA01CE52A98143200E35057 /* Pokedex */ = {
			isa = PBXNativeTarget;
			buildConfigurationList = 7AA01CF42A98143400E35057 /* Build configuration list for PBXNativeTarget "Pokedex" */;
			buildPhases = (
				7AA01CE22A98143200E35057 /* Sources */,
				7AA01CE32A98143200E35057 /* Frameworks */,
				7AA01CE42A98143200E35057 /* Resources */,
			);
			buildRules = (
			);
			dependencies = (
			);
			name = Pokedex;
			packageProductDependencies = (
				7AA01D032AA0408500E35057 /* Kingfisher */,
			);
			productName = Pokedex;
			productReference = 7AA01CE62A98143200E35057 /* Pokedex.app */;
			productType = "com.apple.product-type.application";
		};
/* End PBXNativeTarget section */

/* Begin PBXProject section */
		7AA01CDE2A98143200E35057 /* Project object */ = {
			isa = PBXProject;
			attributes = {
				BuildIndependentTargetsInParallel = 1;
				LastSwiftUpdateCheck = 1430;
				LastUpgradeCheck = 1430;
				TargetAttributes = {
					7AA01CE52A98143200E35057 = {
						CreatedOnToolsVersion = 14.3.1;
					};
				};
			};
			buildConfigurationList = 7AA01CE12A98143200E35057 /* Build configuration list for PBXProject "Pokedex" */;
			compatibilityVersion = "Xcode 14.0";
			developmentRegion = en;
			hasScannedForEncodings = 0;
			knownRegions = (
				en,
				Base,
			);
			mainGroup = 7AA01CDD2A98143200E35057;
			packageReferences = (
				7AA01D022AA0408500E35057 /* XCRemoteSwiftPackageReference "Kingfisher" */,
			);
			productRefGroup = 7AA01CE72A98143200E35057 /* Products */;
			projectDirPath = "";
			projectRoot = "";
			targets = (
				7AA01CE52A98143200E35057 /* Pokedex */,
			);
		};
/* End PBXProject section */

/* Begin PBXResourcesBuildPhase section */
		7AA01CE42A98143200E35057 /* Resources */ = {
			isa = PBXResourcesBuildPhase;
			buildActionMask = 2147483647;
			files = (
				7AA01CF12A98143400E35057 /* Preview Assets.xcassets in Resources */,
				7AA01CEE2A98143400E35057 /* Assets.xcassets in Resources */,
			);
			runOnlyForDeploymentPostprocessing = 0;
		};
/* End PBXResourcesBuildPhase section */

/* Begin PBXSourcesBuildPhase section */
		7AA01CE22A98143200E35057 /* Sources */ = {
			isa = PBXSourcesBuildPhase;
			buildActionMask = 2147483647;
			files = (
				7AA01CFF2AA0147A00E35057 /* Pokemon.swift in Sources */,
				7AA01CEC2A98143200E35057 /* ContentView.swift in Sources */,
				7AA01D012AA033C200E35057 /* PokemonViewModel.swift in Sources */,
				7AA01CEA2A98143200E35057 /* PokedexApp.swift in Sources */,
				7AA01CFB2A98157200E35057 /* PokemonCell.swift in Sources */,
				7ABF6E722AA0A64C004B0C82 /* fetchPokemon.swift in Sources */,
				7ABF6E742AA0A980004B0C82 /* PokemonDetails.swift in Sources */,
				7AA01CFD2A9EFBBB00E35057 /* PokedexView.swift in Sources */,
			);
			runOnlyForDeploymentPostprocessing = 0;
		};
/* End PBXSourcesBuildPhase section */

/* Begin XCBuildConfiguration section */
		7AA01CF22A98143400E35057 /* Debug */ = {
			isa = XCBuildConfiguration;
			buildSettings = {
				ALWAYS_SEARCH_USER_PATHS = NO;
				CLANG_ANALYZER_NONNULL = YES;
				CLANG_ANALYZER_NUMBER_OBJECT_CONVERSION = YES_AGGRESSIVE;
				CLANG_CXX_LANGUAGE_STANDARD = "gnu++20";
				CLANG_ENABLE_MODULES = YES;
				CLANG_ENABLE_OBJC_ARC = YES;
				CLANG_ENABLE_OBJC_WEAK = YES;
				CLANG_WARN_BLOCK_CAPTURE_AUTORELEASING = YES;
				CLANG_WARN_BOOL_CONVERSION = YES;
				CLANG_WARN_COMMA = YES;
				CLANG_WARN_CONSTANT_CONVERSION = YES;
				CLANG_WARN_DEPRECATED_OBJC_IMPLEMENTATIONS = YES;
				CLANG_WARN_DIRECT_OBJC_ISA_USAGE = YES_ERROR;
				CLANG_WARN_DOCUMENTATION_COMMENTS = YES;
				CLANG_WARN_EMPTY_BODY = YES;
				CLANG_WARN_ENUM_CONVERSION = YES;
				CLANG_WARN_INFINITE_RECURSION = YES;
				CLANG_WARN_INT_CONVERSION = YES;
				CLANG_WARN_NON_LITERAL_NULL_CONVERSION = YES;
				CLANG_WARN_OBJC_IMPLICIT_RETAIN_SELF = YES;
				CLANG_WARN_OBJC_LITERAL_CONVERSION = YES;
				CLANG_WARN_OBJC_ROOT_CLASS = YES_ERROR;
				CLANG_WARN_QUOTED_INCLUDE_IN_FRAMEWORK_HEADER = YES;
				CLANG_WARN_RANGE_LOOP_ANALYSIS = YES;
				CLANG_WARN_STRICT_PROTOTYPES = YES;
				CLANG_WARN_SUSPICIOUS_MOVE = YES;
				CLANG_WARN_UNGUARDED_AVAILABILITY = YES_AGGRESSIVE;
				CLANG_WARN_UNREACHABLE_CODE = YES;
				CLANG_WARN__DUPLICATE_METHOD_MATCH = YES;
				COPY_PHASE_STRIP = NO;
				DEBUG_INFORMATION_FORMAT = dwarf;
				ENABLE_STRICT_OBJC_MSGSEND = YES;
				ENABLE_TESTABILITY = YES;
				GCC_C_LANGUAGE_STANDARD = gnu11;
				GCC_DYNAMIC_NO_PIC = NO;
				GCC_NO_COMMON_BLOCKS = YES;
				GCC_OPTIMIZATION_LEVEL = 0;
				GCC_PREPROCESSOR_DEFINITIONS = (
					"DEBUG=1",
					"$(inherited)",
				);
				GCC_WARN_64_TO_32_BIT_CONVERSION = YES;
				GCC_WARN_ABOUT_RETURN_TYPE = YES_ERROR;
				GCC_WARN_UNDECLARED_SELECTOR = YES;
				GCC_WARN_UNINITIALIZED_AUTOS = YES_AGGRESSIVE;
				GCC_WARN_UNUSED_FUNCTION = YES;
				GCC_WARN_UNUSED_VARIABLE = YES;
				IPHONEOS_DEPLOYMENT_TARGET = 16.4;
				MTL_ENABLE_DEBUG_INFO = INCLUDE_SOURCE;
				MTL_FAST_MATH = YES;
				ONLY_ACTIVE_ARCH = YES;
				SDKROOT = iphoneos;
				SWIFT_ACTIVE_COMPILATION_CONDITIONS = DEBUG;
				SWIFT_OPTIMIZATION_LEVEL = "-Onone";
			};
			name = Debug;
		};
		7AA01CF32A98143400E35057 /* Release */ = {
			isa = XCBuildConfiguration;
			buildSettings = {
				ALWAYS_SEARCH_USER_PATHS = NO;
				CLANG_ANALYZER_NONNULL = YES;
				CLANG_ANALYZER_NUMBER_OBJECT_CONVERSION = YES_AGGRESSIVE;
				CLANG_CXX_LANGUAGE_STANDARD = "gnu++20";
				CLANG_ENABLE_MODULES = YES;
				CLANG_ENABLE_OBJC_ARC = YES;
				CLANG_ENABLE_OBJC_WEAK = YES;
				CLANG_WARN_BLOCK_CAPTURE_AUTORELEASING = YES;
				CLANG_WARN_BOOL_CONVERSION = YES;
				CLANG_WARN_COMMA = YES;
				CLANG_WARN_CONSTANT_CONVERSION = YES;
				CLANG_WARN_DEPRECATED_OBJC_IMPLEMENTATIONS = YES;
				CLANG_WARN_DIRECT_OBJC_ISA_USAGE = YES_ERROR;
				CLANG_WARN_DOCUMENTATION_COMMENTS = YES;
				CLANG_WARN_EMPTY_BODY = YES;
				CLANG_WARN_ENUM_CONVERSION = YES;
				CLANG_WARN_INFINITE_RECURSION = YES;
				CLANG_WARN_INT_CONVERSION = YES;
				CLANG_WARN_NON_LITERAL_NULL_CONVERSION = YES;
				CLANG_WARN_OBJC_IMPLICIT_RETAIN_SELF = YES;
				CLANG_WARN_OBJC_LITERAL_CONVERSION = YES;
				CLANG_WARN_OBJC_ROOT_CLASS = YES_ERROR;
				CLANG_WARN_QUOTED_INCLUDE_IN_FRAMEWORK_HEADER = YES;
				CLANG_WARN_RANGE_LOOP_ANALYSIS = YES;
				CLANG_WARN_STRICT_PROTOTYPES = YES;
				CLANG_WARN_SUSPICIOUS_MOVE = YES;
				CLANG_WARN_UNGUARDED_AVAILABILITY = YES_AGGRESSIVE;
				CLANG_WARN_UNREACHABLE_CODE = YES;
				CLANG_WARN__DUPLICATE_METHOD_MATCH = YES;
				COPY_PHASE_STRIP = NO;
				DEBUG_INFORMATION_FORMAT = "dwarf-with-dsym";
				ENABLE_NS_ASSERTIONS = NO;
				ENABLE_STRICT_OBJC_MSGSEND = YES;
				GCC_C_LANGUAGE_STANDARD = gnu11;
				GCC_NO_COMMON_BLOCKS = YES;
				GCC_WARN_64_TO_32_BIT_CONVERSION = YES;
				GCC_WARN_ABOUT_RETURN_TYPE = YES_ERROR;
				GCC_WARN_UNDECLARED_SELECTOR = YES;
				GCC_WARN_UNINITIALIZED_AUTOS = YES_AGGRESSIVE;
				GCC_WARN_UNUSED_FUNCTION = YES;
				GCC_WARN_UNUSED_VARIABLE = YES;
				IPHONEOS_DEPLOYMENT_TARGET = 16.4;
				MTL_ENABLE_DEBUG_INFO = NO;
				MTL_FAST_MATH = YES;
				SDKROOT = iphoneos;
				SWIFT_COMPILATION_MODE = wholemodule;
				SWIFT_OPTIMIZATION_LEVEL = "-O";
				VALIDATE_PRODUCT = YES;
			};
			name = Release;
		};
		7AA01CF52A98143400E35057 /* Debug */ = {
			isa = XCBuildConfiguration;
			buildSettings = {
				ASSETCATALOG_COMPILER_APPICON_NAME = AppIcon;
				ASSETCATALOG_COMPILER_GLOBAL_ACCENT_COLOR_NAME = AccentColor;
				CODE_SIGN_STYLE = Automatic;
				CURRENT_PROJECT_VERSION = 1;
				DEVELOPMENT_ASSET_PATHS = "\"Pokedex/Preview Content\"";
				DEVELOPMENT_TEAM = 64JGQ3H6TM;
				ENABLE_PREVIEWS = YES;
				GENERATE_INFOPLIST_FILE = YES;
				INFOPLIST_KEY_UIApplicationSceneManifest_Generation = YES;
				INFOPLIST_KEY_UIApplicationSupportsIndirectInputEvents = YES;
				INFOPLIST_KEY_UILaunchScreen_Generation = YES;
				INFOPLIST_KEY_UISupportedInterfaceOrientations_iPad = "UIInterfaceOrientationPortrait UIInterfaceOrientationPortraitUpsideDown UIInterfaceOrientationLandscapeLeft UIInterfaceOrientationLandscapeRight";
				INFOPLIST_KEY_UISupportedInterfaceOrientations_iPhone = "UIInterfaceOrientationPortrait UIInterfaceOrientationLandscapeLeft UIInterfaceOrientationLandscapeRight";
				LD_RUNPATH_SEARCH_PATHS = (
					"$(inherited)",
					"@executable_path/Frameworks",
				);
				MARKETING_VERSION = 1.0;
				PRODUCT_BUNDLE_IDENTIFIER = com.NathanDemssie.Pokedex;
				PRODUCT_NAME = "$(TARGET_NAME)";
				SWIFT_EMIT_LOC_STRINGS = YES;
				SWIFT_VERSION = 5.0;
				TARGETED_DEVICE_FAMILY = "1,2";
			};
			name = Debug;
		};
		7AA01CF62A98143400E35057 /* Release */ = {
			isa = XCBuildConfiguration;
			buildSettings = {
				ASSETCATALOG_COMPILER_APPICON_NAME = AppIcon;
				ASSETCATALOG_COMPILER_GLOBAL_ACCENT_COLOR_NAME = AccentColor;
				CODE_SIGN_STYLE = Automatic;
				CURRENT_PROJECT_VERSION = 1;
				DEVELOPMENT_ASSET_PATHS = "\"Pokedex/Preview Content\"";
				DEVELOPMENT_TEAM = 64JGQ3H6TM;
				ENABLE_PREVIEWS = YES;
				GENERATE_INFOPLIST_FILE = YES;
				INFOPLIST_KEY_UIApplicationSceneManifest_Generation = YES;
				INFOPLIST_KEY_UIApplicationSupportsIndirectInputEvents = YES;
				INFOPLIST_KEY_UILaunchScreen_Generation = YES;
				INFOPLIST_KEY_UISupportedInterfaceOrientations_iPad = "UIInterfaceOrientationPortrait UIInterfaceOrientationPortraitUpsideDown UIInterfaceOrientationLandscapeLeft UIInterfaceOrientationLandscapeRight";
				INFOPLIST_KEY_UISupportedInterfaceOrientations_iPhone = "UIInterfaceOrientationPortrait UIInterfaceOrientationLandscapeLeft UIInterfaceOrientationLandscapeRight";
				LD_RUNPATH_SEARCH_PATHS = (
					"$(inherited)",
					"@executable_path/Frameworks",
				);
				MARKETING_VERSION = 1.0;
				PRODUCT_BUNDLE_IDENTIFIER = com.NathanDemssie.Pokedex;
				PRODUCT_NAME = "$(TARGET_NAME)";
				SWIFT_EMIT_LOC_STRINGS = YES;
				SWIFT_VERSION = 5.0;
				TARGETED_DEVICE_FAMILY = "1,2";
			};
			name = Release;
		};
/* End XCBuildConfiguration section */

/* Begin XCConfigurationList section */
		7AA01CE12A98143200E35057 /* Build configuration list for PBXProject "Pokedex" */ = {
			isa = XCConfigurationList;
			buildConfigurations = (
				7AA01CF22A98143400E35057 /* Debug */,
				7AA01CF32A98143400E35057 /* Release */,
			);
			defaultConfigurationIsVisible = 0;
			defaultConfigurationName = Release;
		};
		7AA01CF42A98143400E35057 /* Build configuration list for PBXNativeTarget "Pokedex" */ = {
			isa = XCConfigurationList;
			buildConfigurations = (
				7AA01CF52A98143400E35057 /* Debug */,
				7AA01CF62A98143400E35057 /* Release */,
			);
			defaultConfigurationIsVisible = 0;
			defaultConfigurationName = Release;
		};
/* End XCConfigurationList section */

/* Begin XCRemoteSwiftPackageReference section */
		7AA01D022AA0408500E35057 /* XCRemoteSwiftPackageReference "Kingfisher" */ = {
			isa = XCRemoteSwiftPackageReference;
			repositoryURL = "https://github.com/onevcat/Kingfisher.git";
			requirement = {
				kind = upToNextMajorVersion;
				minimumVersion = 7.0.0;
			};
		};
/* End XCRemoteSwiftPackageReference section */

/* Begin XCSwiftPackageProductDependency section */
		7AA01D032AA0408500E35057 /* Kingfisher */ = {
			isa = XCSwiftPackageProductDependency;
			package = 7AA01D022AA0408500E35057 /* XCRemoteSwiftPackageReference "Kingfisher" */;
			productName = Kingfisher;
		};
/* End XCSwiftPackageProductDependency section */
	};
	rootObject = 7AA01CDE2A98143200E35057 /* Project object */;
}
